
Microsoft Visual Studio Solution File, Format Version 12.00
# Visual Studio 15
VisualStudioVersion = 15.0.27428.2037
MinimumVisualStudioVersion = 10.0.40219.1
Project("{2150E333-8FDC-42A3-9474-1A3956D46DE8}") = "Assets", "Assets", "{E38800B5-71BD-437D-9441-1B7E16662EA1}"
	ProjectSection(SolutionItems) = preProject
		.editorconfig = .editorconfig
		appveyor.yml = appveyor.yml
		build.cmd = build.cmd
		Build.ps1 = Build.ps1
		global.json = global.json
		LICENSE = LICENSE
		README.md = README.md
	EndProjectSection
EndProject
Project("{9A19103F-16F7-4668-BE54-9A1E7A4F7556}") = "MessageTemplates", "src\MessageTemplates\MessageTemplates.csproj", "{D3F08EB6-8E19-48B4-9D1B-79740BA3265C}"
EndProject
Project("{9A19103F-16F7-4668-BE54-9A1E7A4F7556}") = "MessageTemplates.Tests", "test\MessageTemplates.Tests\MessageTemplates.Tests.csproj", "{1B6D4995-CE6E-4EB2-8728-B8FAA1999E28}"
EndProject
Global
	GlobalSection(SolutionConfigurationPlatforms) = preSolution
		Debug|Any CPU = Debug|Any CPU
		Release|Any CPU = Release|Any CPU
	EndGlobalSection
	GlobalSection(ProjectConfigurationPlatforms) = postSolution
		{D3F08EB6-8E19-48B4-9D1B-79740BA3265C}.Debug|Any CPU.ActiveCfg = Debug|Any CPU
		{D3F08EB6-8E19-48B4-9D1B-79740BA3265C}.Debug|Any CPU.Build.0 = Debug|Any CPU
		{D3F08EB6-8E19-48B4-9D1B-79740BA3265C}.Release|Any CPU.ActiveCfg = Release|Any CPU
		{D3F08EB6-8E19-48B4-9D1B-79740BA3265C}.Release|Any CPU.Build.0 = Release|Any CPU
		{1B6D4995-CE6E-4EB2-8728-B8FAA1999E28}.Debug|Any CPU.ActiveCfg = Debug|Any CPU
		{1B6D4995-CE6E-4EB2-8728-B8FAA1999E28}.Debug|Any CPU.Build.0 = Debug|Any CPU
		{1B6D4995-CE6E-4EB2-8728-B8FAA1999E28}.Release|Any CPU.ActiveCfg = Release|Any CPU
		{1B6D4995-CE6E-4EB2-8728-B8FAA1999E28}.Release|Any CPU.Build.0 = Release|Any CPU
	EndGlobalSection
	GlobalSection(SolutionProperties) = preSolution
		HideSolutionNode = FALSE
	EndGlobalSection
	GlobalSection(ExtensibilityGlobals) = postSolution
		SolutionGuid = {4B0F514C-3C89-4F4E-8350-A0089DFAD4E9}
	EndGlobalSection
EndGlobal
